
Microsoft Visual Studio Solution File, Format Version 12.00
# Visual Studio Version 17
VisualStudioVersion = 17.5.33516.290
MinimumVisualStudioVersion = 10.0.40219.1
Project("{2150E333-8FDC-42A3-9474-1A3956D46DE8}") = "Solution Items", "Solution Items", "{FB330934-FE4A-4788-8029-CF2073D8500D}"
	ProjectSection(SolutionItems) = preProject
		.editorconfig = .editorconfig
		README.md = README.md
		THIRD-PARTY-NOTICES.txt = THIRD-PARTY-NOTICES.txt
	EndProjectSection
EndProject
Project("{9A19103F-16F7-4668-BE54-9A1E7A4F7556}") = "Fahrenheit.Core", "src\core\Fahrenheit.Core.csproj", "{395F4045-232F-4AEC-A32B-F2FE35480B61}"
EndProject
Project("{9A19103F-16F7-4668-BE54-9A1E7A4F7556}") = "Fahrenheit.Core.Runtime", "src\runtime\Fahrenheit.Core.Runtime.csproj", "{AA228653-784C-4FA2-84D2-DD5946D843AB}"
EndProject
Project("{8BC9CEB8-8B4A-11D0-8D11-00A0C91BC942}") = "Fahrenheit.Loader.Stage0", "src\stage0\Fahrenheit.Loader.Stage0.vcxproj", "{287D8EE5-E211-4CD5-923C-3E82AD4BE07D}"
EndProject
Project("{8BC9CEB8-8B4A-11D0-8D11-00A0C91BC942}") = "Fahrenheit.Loader.Stage1", "src\stage1\Fahrenheit.Loader.Stage1.vcxproj", "{650214FC-8A0D-4430-A5DE-73D05B2982AB}"
EndProject
Project("{9A19103F-16F7-4668-BE54-9A1E7A4F7556}") = "Fahrenheit.Modules.TrueRNG", "src\truerng\Fahrenheit.Modules.TrueRNG.csproj", "{6DBF2D2F-C4A7-489C-AB0B-575993DDAB69}"
EndProject
Project("{9A19103F-16F7-4668-BE54-9A1E7A4F7556}") = "Fahrenheit.Modules.CSR", "src\csr\Fahrenheit.Modules.CSR.csproj", "{A12582B0-FC7F-4ABD-AF44-559CE9091D9D}"
EndProject
Project("{9A19103F-16F7-4668-BE54-9A1E7A4F7556}") = "Fahrenheit.Modules.EFL", "src\efl\Fahrenheit.Modules.EFL.csproj", "{E4CCB0F1-FE0D-400E-A122-5E4D9094FCD5}"
EndProject
Project("{9A19103F-16F7-4668-BE54-9A1E7A4F7556}") = "Fahrenheit.Modules.Debug", "src\dbg\Fahrenheit.Modules.Debug.csproj", "{5D809E89-173D-4A69-9F9E-B1AF99E902FF}"
EndProject
Project("{FAE04EC0-301F-11D3-BF4B-00C04F79EFBC}") = "Fahrenheit.Modules.EFP", "src\efp\Fahrenheit.Modules.EFP.csproj", "{E10C9C4D-20BF-4CA5-9BE7-2111E1AD545D}"
EndProject
Project("{9A19103F-16F7-4668-BE54-9A1E7A4F7556}") = "Fahrenheit.Tools.H2CS", "src\h2cs\Fahrenheit.Tools.H2CS.csproj", "{5122404E-4E71-4CFB-AF7C-92E6E4708E41}"
EndProject
Project("{9A19103F-16F7-4668-BE54-9A1E7A4F7556}") = "Fahrenheit.Tools.DEdit", "src\dedit\Fahrenheit.Tools.DEdit.csproj", "{6431D61B-0748-453E-844A-580D3C6C41D2}"
EndProject
Project("{FAE04EC0-301F-11D3-BF4B-00C04F79EFBC}") = "Fahrenheit.Core.ImGui.NET", "src\imgui\Fahrenheit.Core.ImGui.NET.csproj", "{BECB5E4B-716D-4D71-8AD0-3EF165A0D512}"
EndProject
Project("{FAE04EC0-301F-11D3-BF4B-00C04F79EFBC}") = "Fahrenheit.Core.ImGui.NET.CG", "src\imgui_cg\Fahrenheit.Core.ImGui.NET.CG.csproj", "{24B48D88-B846-409F-A2B7-0B09147CD63E}"
EndProject
Global
	GlobalSection(SolutionConfigurationPlatforms) = preSolution
		Debug|Any CPU = Debug|Any CPU
		Debug|ARM64 = Debug|ARM64
		Debug|x64 = Debug|x64
		Debug|x86 = Debug|x86
		Release|Any CPU = Release|Any CPU
		Release|ARM64 = Release|ARM64
		Release|x64 = Release|x64
		Release|x86 = Release|x86
	EndGlobalSection
	GlobalSection(ProjectConfigurationPlatforms) = postSolution
		{395F4045-232F-4AEC-A32B-F2FE35480B61}.Debug|Any CPU.ActiveCfg = Debug|Any CPU
		{395F4045-232F-4AEC-A32B-F2FE35480B61}.Debug|Any CPU.Build.0 = Debug|Any CPU
		{395F4045-232F-4AEC-A32B-F2FE35480B61}.Debug|ARM64.ActiveCfg = Debug|Any CPU
		{395F4045-232F-4AEC-A32B-F2FE35480B61}.Debug|ARM64.Build.0 = Debug|Any CPU
		{395F4045-232F-4AEC-A32B-F2FE35480B61}.Debug|x64.ActiveCfg = Debug|Any CPU
		{395F4045-232F-4AEC-A32B-F2FE35480B61}.Debug|x64.Build.0 = Debug|Any CPU
		{395F4045-232F-4AEC-A32B-F2FE35480B61}.Debug|x86.ActiveCfg = Debug|Any CPU
		{395F4045-232F-4AEC-A32B-F2FE35480B61}.Debug|x86.Build.0 = Debug|Any CPU
		{395F4045-232F-4AEC-A32B-F2FE35480B61}.Release|Any CPU.ActiveCfg = Release|Any CPU
		{395F4045-232F-4AEC-A32B-F2FE35480B61}.Release|Any CPU.Build.0 = Release|Any CPU
		{395F4045-232F-4AEC-A32B-F2FE35480B61}.Release|ARM64.ActiveCfg = Release|Any CPU
		{395F4045-232F-4AEC-A32B-F2FE35480B61}.Release|ARM64.Build.0 = Release|Any CPU
		{395F4045-232F-4AEC-A32B-F2FE35480B61}.Release|x64.ActiveCfg = Release|Any CPU
		{395F4045-232F-4AEC-A32B-F2FE35480B61}.Release|x64.Build.0 = Release|Any CPU
		{395F4045-232F-4AEC-A32B-F2FE35480B61}.Release|x86.ActiveCfg = Release|Any CPU
		{395F4045-232F-4AEC-A32B-F2FE35480B61}.Release|x86.Build.0 = Release|Any CPU
		{AA228653-784C-4FA2-84D2-DD5946D843AB}.Debug|Any CPU.ActiveCfg = Debug|Any CPU
		{AA228653-784C-4FA2-84D2-DD5946D843AB}.Debug|Any CPU.Build.0 = Debug|Any CPU
		{AA228653-784C-4FA2-84D2-DD5946D843AB}.Debug|ARM64.ActiveCfg = Debug|Any CPU
		{AA228653-784C-4FA2-84D2-DD5946D843AB}.Debug|ARM64.Build.0 = Debug|Any CPU
		{AA228653-784C-4FA2-84D2-DD5946D843AB}.Debug|x64.ActiveCfg = Debug|Any CPU
		{AA228653-784C-4FA2-84D2-DD5946D843AB}.Debug|x64.Build.0 = Debug|Any CPU
		{AA228653-784C-4FA2-84D2-DD5946D843AB}.Debug|x86.ActiveCfg = Debug|Any CPU
		{AA228653-784C-4FA2-84D2-DD5946D843AB}.Debug|x86.Build.0 = Debug|Any CPU
		{AA228653-784C-4FA2-84D2-DD5946D843AB}.Release|Any CPU.ActiveCfg = Release|Any CPU
		{AA228653-784C-4FA2-84D2-DD5946D843AB}.Release|Any CPU.Build.0 = Release|Any CPU
		{AA228653-784C-4FA2-84D2-DD5946D843AB}.Release|ARM64.ActiveCfg = Release|Any CPU
		{AA228653-784C-4FA2-84D2-DD5946D843AB}.Release|ARM64.Build.0 = Release|Any CPU
		{AA228653-784C-4FA2-84D2-DD5946D843AB}.Release|x64.ActiveCfg = Release|Any CPU
		{AA228653-784C-4FA2-84D2-DD5946D843AB}.Release|x64.Build.0 = Release|Any CPU
		{AA228653-784C-4FA2-84D2-DD5946D843AB}.Release|x86.ActiveCfg = Release|Any CPU
		{AA228653-784C-4FA2-84D2-DD5946D843AB}.Release|x86.Build.0 = Release|Any CPU
		{287D8EE5-E211-4CD5-923C-3E82AD4BE07D}.Debug|Any CPU.ActiveCfg = Debug|Win32
		{287D8EE5-E211-4CD5-923C-3E82AD4BE07D}.Debug|Any CPU.Build.0 = Debug|Win32
		{287D8EE5-E211-4CD5-923C-3E82AD4BE07D}.Debug|ARM64.ActiveCfg = Debug|x64
		{287D8EE5-E211-4CD5-923C-3E82AD4BE07D}.Debug|ARM64.Build.0 = Debug|x64
		{287D8EE5-E211-4CD5-923C-3E82AD4BE07D}.Debug|x64.ActiveCfg = Debug|x64
		{287D8EE5-E211-4CD5-923C-3E82AD4BE07D}.Debug|x64.Build.0 = Debug|x64
		{287D8EE5-E211-4CD5-923C-3E82AD4BE07D}.Debug|x86.ActiveCfg = Debug|Win32
		{287D8EE5-E211-4CD5-923C-3E82AD4BE07D}.Debug|x86.Build.0 = Debug|Win32
		{287D8EE5-E211-4CD5-923C-3E82AD4BE07D}.Release|Any CPU.ActiveCfg = Release|Win32
		{287D8EE5-E211-4CD5-923C-3E82AD4BE07D}.Release|Any CPU.Build.0 = Release|Win32
		{287D8EE5-E211-4CD5-923C-3E82AD4BE07D}.Release|ARM64.ActiveCfg = Release|x64
		{287D8EE5-E211-4CD5-923C-3E82AD4BE07D}.Release|ARM64.Build.0 = Release|x64
		{287D8EE5-E211-4CD5-923C-3E82AD4BE07D}.Release|x64.ActiveCfg = Release|x64
		{287D8EE5-E211-4CD5-923C-3E82AD4BE07D}.Release|x64.Build.0 = Release|x64
		{287D8EE5-E211-4CD5-923C-3E82AD4BE07D}.Release|x86.ActiveCfg = Release|Win32
		{287D8EE5-E211-4CD5-923C-3E82AD4BE07D}.Release|x86.Build.0 = Release|Win32
		{650214FC-8A0D-4430-A5DE-73D05B2982AB}.Debug|Any CPU.ActiveCfg = Debug|Win32
		{650214FC-8A0D-4430-A5DE-73D05B2982AB}.Debug|Any CPU.Build.0 = Debug|Win32
		{650214FC-8A0D-4430-A5DE-73D05B2982AB}.Debug|ARM64.ActiveCfg = Debug|x64
		{650214FC-8A0D-4430-A5DE-73D05B2982AB}.Debug|ARM64.Build.0 = Debug|x64
		{650214FC-8A0D-4430-A5DE-73D05B2982AB}.Debug|x64.ActiveCfg = Debug|x64
		{650214FC-8A0D-4430-A5DE-73D05B2982AB}.Debug|x64.Build.0 = Debug|x64
		{650214FC-8A0D-4430-A5DE-73D05B2982AB}.Debug|x86.ActiveCfg = Debug|Win32
		{650214FC-8A0D-4430-A5DE-73D05B2982AB}.Debug|x86.Build.0 = Debug|Win32
		{650214FC-8A0D-4430-A5DE-73D05B2982AB}.Release|Any CPU.ActiveCfg = Release|Win32
		{650214FC-8A0D-4430-A5DE-73D05B2982AB}.Release|Any CPU.Build.0 = Release|Win32
		{650214FC-8A0D-4430-A5DE-73D05B2982AB}.Release|ARM64.ActiveCfg = Release|x64
		{650214FC-8A0D-4430-A5DE-73D05B2982AB}.Release|ARM64.Build.0 = Release|x64
		{650214FC-8A0D-4430-A5DE-73D05B2982AB}.Release|x64.ActiveCfg = Release|x64
		{650214FC-8A0D-4430-A5DE-73D05B2982AB}.Release|x64.Build.0 = Release|x64
		{650214FC-8A0D-4430-A5DE-73D05B2982AB}.Release|x86.ActiveCfg = Release|Win32
		{650214FC-8A0D-4430-A5DE-73D05B2982AB}.Release|x86.Build.0 = Release|Win32
		{6DBF2D2F-C4A7-489C-AB0B-575993DDAB69}.Debug|Any CPU.ActiveCfg = Debug|Any CPU
		{6DBF2D2F-C4A7-489C-AB0B-575993DDAB69}.Debug|Any CPU.Build.0 = Debug|Any CPU
		{6DBF2D2F-C4A7-489C-AB0B-575993DDAB69}.Debug|ARM64.ActiveCfg = Debug|Any CPU
		{6DBF2D2F-C4A7-489C-AB0B-575993DDAB69}.Debug|ARM64.Build.0 = Debug|Any CPU
		{6DBF2D2F-C4A7-489C-AB0B-575993DDAB69}.Debug|x64.ActiveCfg = Debug|Any CPU
		{6DBF2D2F-C4A7-489C-AB0B-575993DDAB69}.Debug|x64.Build.0 = Debug|Any CPU
		{6DBF2D2F-C4A7-489C-AB0B-575993DDAB69}.Debug|x86.ActiveCfg = Debug|Any CPU
		{6DBF2D2F-C4A7-489C-AB0B-575993DDAB69}.Debug|x86.Build.0 = Debug|Any CPU
		{6DBF2D2F-C4A7-489C-AB0B-575993DDAB69}.Release|Any CPU.ActiveCfg = Release|Any CPU
		{6DBF2D2F-C4A7-489C-AB0B-575993DDAB69}.Release|Any CPU.Build.0 = Release|Any CPU
		{6DBF2D2F-C4A7-489C-AB0B-575993DDAB69}.Release|ARM64.ActiveCfg = Release|Any CPU
		{6DBF2D2F-C4A7-489C-AB0B-575993DDAB69}.Release|ARM64.Build.0 = Release|Any CPU
		{6DBF2D2F-C4A7-489C-AB0B-575993DDAB69}.Release|x64.ActiveCfg = Release|Any CPU
		{6DBF2D2F-C4A7-489C-AB0B-575993DDAB69}.Release|x64.Build.0 = Release|Any CPU
		{6DBF2D2F-C4A7-489C-AB0B-575993DDAB69}.Release|x86.ActiveCfg = Release|Any CPU
		{6DBF2D2F-C4A7-489C-AB0B-575993DDAB69}.Release|x86.Build.0 = Release|Any CPU
		{A12582B0-FC7F-4ABD-AF44-559CE9091D9D}.Debug|Any CPU.ActiveCfg = Debug|Any CPU
		{A12582B0-FC7F-4ABD-AF44-559CE9091D9D}.Debug|Any CPU.Build.0 = Debug|Any CPU
		{A12582B0-FC7F-4ABD-AF44-559CE9091D9D}.Debug|ARM64.ActiveCfg = Debug|Any CPU
		{A12582B0-FC7F-4ABD-AF44-559CE9091D9D}.Debug|ARM64.Build.0 = Debug|Any CPU
		{A12582B0-FC7F-4ABD-AF44-559CE9091D9D}.Debug|x64.ActiveCfg = Debug|Any CPU
		{A12582B0-FC7F-4ABD-AF44-559CE9091D9D}.Debug|x64.Build.0 = Debug|Any CPU
		{A12582B0-FC7F-4ABD-AF44-559CE9091D9D}.Debug|x86.ActiveCfg = Debug|Any CPU
		{A12582B0-FC7F-4ABD-AF44-559CE9091D9D}.Debug|x86.Build.0 = Debug|Any CPU
		{A12582B0-FC7F-4ABD-AF44-559CE9091D9D}.Release|Any CPU.ActiveCfg = Release|Any CPU
		{A12582B0-FC7F-4ABD-AF44-559CE9091D9D}.Release|Any CPU.Build.0 = Release|Any CPU
		{A12582B0-FC7F-4ABD-AF44-559CE9091D9D}.Release|ARM64.ActiveCfg = Release|Any CPU
		{A12582B0-FC7F-4ABD-AF44-559CE9091D9D}.Release|ARM64.Build.0 = Release|Any CPU
		{A12582B0-FC7F-4ABD-AF44-559CE9091D9D}.Release|x64.ActiveCfg = Release|Any CPU
		{A12582B0-FC7F-4ABD-AF44-559CE9091D9D}.Release|x64.Build.0 = Release|Any CPU
		{A12582B0-FC7F-4ABD-AF44-559CE9091D9D}.Release|x86.ActiveCfg = Release|Any CPU
		{A12582B0-FC7F-4ABD-AF44-559CE9091D9D}.Release|x86.Build.0 = Release|Any CPU
		{E4CCB0F1-FE0D-400E-A122-5E4D9094FCD5}.Debug|Any CPU.ActiveCfg = Debug|Any CPU
		{E4CCB0F1-FE0D-400E-A122-5E4D9094FCD5}.Debug|Any CPU.Build.0 = Debug|Any CPU
		{E4CCB0F1-FE0D-400E-A122-5E4D9094FCD5}.Debug|ARM64.ActiveCfg = Debug|Any CPU
		{E4CCB0F1-FE0D-400E-A122-5E4D9094FCD5}.Debug|ARM64.Build.0 = Debug|Any CPU
		{E4CCB0F1-FE0D-400E-A122-5E4D9094FCD5}.Debug|x64.ActiveCfg = Debug|Any CPU
		{E4CCB0F1-FE0D-400E-A122-5E4D9094FCD5}.Debug|x64.Build.0 = Debug|Any CPU
		{E4CCB0F1-FE0D-400E-A122-5E4D9094FCD5}.Debug|x86.ActiveCfg = Debug|Any CPU
		{E4CCB0F1-FE0D-400E-A122-5E4D9094FCD5}.Debug|x86.Build.0 = Debug|Any CPU
		{E4CCB0F1-FE0D-400E-A122-5E4D9094FCD5}.Release|Any CPU.ActiveCfg = Release|Any CPU
		{E4CCB0F1-FE0D-400E-A122-5E4D9094FCD5}.Release|Any CPU.Build.0 = Release|Any CPU
		{E4CCB0F1-FE0D-400E-A122-5E4D9094FCD5}.Release|ARM64.ActiveCfg = Release|Any CPU
		{E4CCB0F1-FE0D-400E-A122-5E4D9094FCD5}.Release|ARM64.Build.0 = Release|Any CPU
		{E4CCB0F1-FE0D-400E-A122-5E4D9094FCD5}.Release|x64.ActiveCfg = Release|Any CPU
		{E4CCB0F1-FE0D-400E-A122-5E4D9094FCD5}.Release|x64.Build.0 = Release|Any CPU
		{E4CCB0F1-FE0D-400E-A122-5E4D9094FCD5}.Release|x86.ActiveCfg = Release|Any CPU
		{E4CCB0F1-FE0D-400E-A122-5E4D9094FCD5}.Release|x86.Build.0 = Release|Any CPU
		{5D809E89-173D-4A69-9F9E-B1AF99E902FF}.Debug|Any CPU.ActiveCfg = Debug|Any CPU
		{5D809E89-173D-4A69-9F9E-B1AF99E902FF}.Debug|Any CPU.Build.0 = Debug|Any CPU
		{5D809E89-173D-4A69-9F9E-B1AF99E902FF}.Debug|ARM64.ActiveCfg = Debug|Any CPU
		{5D809E89-173D-4A69-9F9E-B1AF99E902FF}.Debug|ARM64.Build.0 = Debug|Any CPU
		{5D809E89-173D-4A69-9F9E-B1AF99E902FF}.Debug|x64.ActiveCfg = Debug|Any CPU
		{5D809E89-173D-4A69-9F9E-B1AF99E902FF}.Debug|x64.Build.0 = Debug|Any CPU
		{5D809E89-173D-4A69-9F9E-B1AF99E902FF}.Debug|x86.ActiveCfg = Debug|Any CPU
		{5D809E89-173D-4A69-9F9E-B1AF99E902FF}.Debug|x86.Build.0 = Debug|Any CPU
		{5D809E89-173D-4A69-9F9E-B1AF99E902FF}.Release|Any CPU.ActiveCfg = Release|Any CPU
		{5D809E89-173D-4A69-9F9E-B1AF99E902FF}.Release|Any CPU.Build.0 = Release|Any CPU
		{5D809E89-173D-4A69-9F9E-B1AF99E902FF}.Release|ARM64.ActiveCfg = Release|Any CPU
		{5D809E89-173D-4A69-9F9E-B1AF99E902FF}.Release|ARM64.Build.0 = Release|Any CPU
		{5D809E89-173D-4A69-9F9E-B1AF99E902FF}.Release|x64.ActiveCfg = Release|Any CPU
		{5D809E89-173D-4A69-9F9E-B1AF99E902FF}.Release|x64.Build.0 = Release|Any CPU
		{5D809E89-173D-4A69-9F9E-B1AF99E902FF}.Release|x86.ActiveCfg = Release|Any CPU
		{5D809E89-173D-4A69-9F9E-B1AF99E902FF}.Release|x86.Build.0 = Release|Any CPU
		{E10C9C4D-20BF-4CA5-9BE7-2111E1AD545D}.Debug|Any CPU.ActiveCfg = Debug|Any CPU
		{E10C9C4D-20BF-4CA5-9BE7-2111E1AD545D}.Debug|Any CPU.Build.0 = Debug|Any CPU
		{E10C9C4D-20BF-4CA5-9BE7-2111E1AD545D}.Debug|ARM64.ActiveCfg = Debug|Any CPU
		{E10C9C4D-20BF-4CA5-9BE7-2111E1AD545D}.Debug|ARM64.Build.0 = Debug|Any CPU
		{E10C9C4D-20BF-4CA5-9BE7-2111E1AD545D}.Debug|x64.ActiveCfg = Debug|Any CPU
		{E10C9C4D-20BF-4CA5-9BE7-2111E1AD545D}.Debug|x64.Build.0 = Debug|Any CPU
		{E10C9C4D-20BF-4CA5-9BE7-2111E1AD545D}.Debug|x86.ActiveCfg = Debug|Any CPU
		{E10C9C4D-20BF-4CA5-9BE7-2111E1AD545D}.Debug|x86.Build.0 = Debug|Any CPU
		{E10C9C4D-20BF-4CA5-9BE7-2111E1AD545D}.Release|Any CPU.ActiveCfg = Release|Any CPU
		{E10C9C4D-20BF-4CA5-9BE7-2111E1AD545D}.Release|Any CPU.Build.0 = Release|Any CPU
		{E10C9C4D-20BF-4CA5-9BE7-2111E1AD545D}.Release|ARM64.ActiveCfg = Release|Any CPU
		{E10C9C4D-20BF-4CA5-9BE7-2111E1AD545D}.Release|ARM64.Build.0 = Release|Any CPU
		{E10C9C4D-20BF-4CA5-9BE7-2111E1AD545D}.Release|x64.ActiveCfg = Release|Any CPU
		{E10C9C4D-20BF-4CA5-9BE7-2111E1AD545D}.Release|x64.Build.0 = Release|Any CPU
		{E10C9C4D-20BF-4CA5-9BE7-2111E1AD545D}.Release|x86.ActiveCfg = Release|Any CPU
		{E10C9C4D-20BF-4CA5-9BE7-2111E1AD545D}.Release|x86.Build.0 = Release|Any CPU
		{5122404E-4E71-4CFB-AF7C-92E6E4708E41}.Debug|Any CPU.ActiveCfg = Debug|Any CPU
		{5122404E-4E71-4CFB-AF7C-92E6E4708E41}.Debug|Any CPU.Build.0 = Debug|Any CPU
		{5122404E-4E71-4CFB-AF7C-92E6E4708E41}.Debug|ARM64.ActiveCfg = Debug|Any CPU
		{5122404E-4E71-4CFB-AF7C-92E6E4708E41}.Debug|ARM64.Build.0 = Debug|Any CPU
		{5122404E-4E71-4CFB-AF7C-92E6E4708E41}.Debug|x64.ActiveCfg = Debug|Any CPU
		{5122404E-4E71-4CFB-AF7C-92E6E4708E41}.Debug|x64.Build.0 = Debug|Any CPU
		{5122404E-4E71-4CFB-AF7C-92E6E4708E41}.Debug|x86.ActiveCfg = Debug|Any CPU
		{5122404E-4E71-4CFB-AF7C-92E6E4708E41}.Debug|x86.Build.0 = Debug|Any CPU
		{5122404E-4E71-4CFB-AF7C-92E6E4708E41}.Release|Any CPU.ActiveCfg = Release|Any CPU
		{5122404E-4E71-4CFB-AF7C-92E6E4708E41}.Release|Any CPU.Build.0 = Release|Any CPU
		{5122404E-4E71-4CFB-AF7C-92E6E4708E41}.Release|ARM64.ActiveCfg = Release|Any CPU
		{5122404E-4E71-4CFB-AF7C-92E6E4708E41}.Release|ARM64.Build.0 = Release|Any CPU
		{5122404E-4E71-4CFB-AF7C-92E6E4708E41}.Release|x64.ActiveCfg = Release|Any CPU
		{5122404E-4E71-4CFB-AF7C-92E6E4708E41}.Release|x64.Build.0 = Release|Any CPU
		{5122404E-4E71-4CFB-AF7C-92E6E4708E41}.Release|x86.ActiveCfg = Release|Any CPU
		{5122404E-4E71-4CFB-AF7C-92E6E4708E41}.Release|x86.Build.0 = Release|Any CPU
		{6431D61B-0748-453E-844A-580D3C6C41D2}.Debug|Any CPU.ActiveCfg = Debug|Any CPU
		{6431D61B-0748-453E-844A-580D3C6C41D2}.Debug|Any CPU.Build.0 = Debug|Any CPU
		{6431D61B-0748-453E-844A-580D3C6C41D2}.Debug|ARM64.ActiveCfg = Debug|Any CPU
		{6431D61B-0748-453E-844A-580D3C6C41D2}.Debug|ARM64.Build.0 = Debug|Any CPU
		{6431D61B-0748-453E-844A-580D3C6C41D2}.Debug|x64.ActiveCfg = Debug|Any CPU
		{6431D61B-0748-453E-844A-580D3C6C41D2}.Debug|x64.Build.0 = Debug|Any CPU
		{6431D61B-0748-453E-844A-580D3C6C41D2}.Debug|x86.ActiveCfg = Debug|Any CPU
		{6431D61B-0748-453E-844A-580D3C6C41D2}.Debug|x86.Build.0 = Debug|Any CPU
		{6431D61B-0748-453E-844A-580D3C6C41D2}.Release|Any CPU.ActiveCfg = Release|Any CPU
		{6431D61B-0748-453E-844A-580D3C6C41D2}.Release|Any CPU.Build.0 = Release|Any CPU
		{6431D61B-0748-453E-844A-580D3C6C41D2}.Release|ARM64.ActiveCfg = Release|Any CPU
		{6431D61B-0748-453E-844A-580D3C6C41D2}.Release|ARM64.Build.0 = Release|Any CPU
		{6431D61B-0748-453E-844A-580D3C6C41D2}.Release|x64.ActiveCfg = Release|Any CPU
		{6431D61B-0748-453E-844A-580D3C6C41D2}.Release|x64.Build.0 = Release|Any CPU
		{6431D61B-0748-453E-844A-580D3C6C41D2}.Release|x86.ActiveCfg = Release|Any CPU
		{6431D61B-0748-453E-844A-580D3C6C41D2}.Release|x86.Build.0 = Release|Any CPU
		{BECB5E4B-716D-4D71-8AD0-3EF165A0D512}.Debug|Any CPU.ActiveCfg = Debug|Any CPU
		{BECB5E4B-716D-4D71-8AD0-3EF165A0D512}.Debug|Any CPU.Build.0 = Debug|Any CPU
		{BECB5E4B-716D-4D71-8AD0-3EF165A0D512}.Debug|ARM64.ActiveCfg = Debug|Any CPU
		{BECB5E4B-716D-4D71-8AD0-3EF165A0D512}.Debug|ARM64.Build.0 = Debug|Any CPU
		{BECB5E4B-716D-4D71-8AD0-3EF165A0D512}.Debug|x64.ActiveCfg = Debug|Any CPU
		{BECB5E4B-716D-4D71-8AD0-3EF165A0D512}.Debug|x64.Build.0 = Debug|Any CPU
		{BECB5E4B-716D-4D71-8AD0-3EF165A0D512}.Debug|x86.ActiveCfg = Debug|Any CPU
		{BECB5E4B-716D-4D71-8AD0-3EF165A0D512}.Debug|x86.Build.0 = Debug|Any CPU
		{BECB5E4B-716D-4D71-8AD0-3EF165A0D512}.Release|Any CPU.ActiveCfg = Release|Any CPU
		{BECB5E4B-716D-4D71-8AD0-3EF165A0D512}.Release|Any CPU.Build.0 = Release|Any CPU
		{BECB5E4B-716D-4D71-8AD0-3EF165A0D512}.Release|ARM64.ActiveCfg = Release|Any CPU
		{BECB5E4B-716D-4D71-8AD0-3EF165A0D512}.Release|ARM64.Build.0 = Release|Any CPU
		{BECB5E4B-716D-4D71-8AD0-3EF165A0D512}.Release|x64.ActiveCfg = Release|Any CPU
		{BECB5E4B-716D-4D71-8AD0-3EF165A0D512}.Release|x64.Build.0 = Release|Any CPU
		{BECB5E4B-716D-4D71-8AD0-3EF165A0D512}.Release|x86.ActiveCfg = Release|Any CPU
		{BECB5E4B-716D-4D71-8AD0-3EF165A0D512}.Release|x86.Build.0 = Release|Any CPU
		{24B48D88-B846-409F-A2B7-0B09147CD63E}.Debug|Any CPU.ActiveCfg = Debug|Any CPU
		{24B48D88-B846-409F-A2B7-0B09147CD63E}.Debug|Any CPU.Build.0 = Debug|Any CPU
		{24B48D88-B846-409F-A2B7-0B09147CD63E}.Debug|ARM64.ActiveCfg = Debug|Any CPU
		{24B48D88-B846-409F-A2B7-0B09147CD63E}.Debug|ARM64.Build.0 = Debug|Any CPU
		{24B48D88-B846-409F-A2B7-0B09147CD63E}.Debug|x64.ActiveCfg = Debug|Any CPU
		{24B48D88-B846-409F-A2B7-0B09147CD63E}.Debug|x64.Build.0 = Debug|Any CPU
		{24B48D88-B846-409F-A2B7-0B09147CD63E}.Debug|x86.ActiveCfg = Debug|Any CPU
		{24B48D88-B846-409F-A2B7-0B09147CD63E}.Debug|x86.Build.0 = Debug|Any CPU
		{24B48D88-B846-409F-A2B7-0B09147CD63E}.Release|Any CPU.ActiveCfg = Release|Any CPU
		{24B48D88-B846-409F-A2B7-0B09147CD63E}.Release|Any CPU.Build.0 = Release|Any CPU
		{24B48D88-B846-409F-A2B7-0B09147CD63E}.Release|ARM64.ActiveCfg = Release|Any CPU
		{24B48D88-B846-409F-A2B7-0B09147CD63E}.Release|ARM64.Build.0 = Release|Any CPU
		{24B48D88-B846-409F-A2B7-0B09147CD63E}.Release|x64.ActiveCfg = Release|Any CPU
		{24B48D88-B846-409F-A2B7-0B09147CD63E}.Release|x64.Build.0 = Release|Any CPU
		{24B48D88-B846-409F-A2B7-0B09147CD63E}.Release|x86.ActiveCfg = Release|Any CPU
		{24B48D88-B846-409F-A2B7-0B09147CD63E}.Release|x86.Build.0 = Release|Any CPU
	EndGlobalSection
	GlobalSection(SolutionProperties) = preSolution
		HideSolutionNode = FALSE
	EndGlobalSection
	GlobalSection(ExtensibilityGlobals) = postSolution
		SolutionGuid = {182E3C11-B2A0-462A-9AAA-8449D60C3D12}
	EndGlobalSection
EndGlobal
