
Microsoft Visual Studio Solution File, Format Version 12.00
# Visual Studio Version 17
VisualStudioVersion = 17.5.33516.290
MinimumVisualStudioVersion = 10.0.40219.1
Project("{9A19103F-16F7-4668-BE54-9A1E7A4F7556}") = "Fahrenheit.CoreLib", "Fahrenheit.CoreLib\Fahrenheit.CoreLib.csproj", "{395F4045-232F-4AEC-A32B-F2FE35480B61}"
EndProject
Project("{2150E333-8FDC-42A3-9474-1A3956D46DE8}") = "Solution Items", "Solution Items", "{FB330934-FE4A-4788-8029-CF2073D8500D}"
	ProjectSection(SolutionItems) = preProject
		.editorconfig = .editorconfig
	EndProjectSection
EndProject
Project("{9A19103F-16F7-4668-BE54-9A1E7A4F7556}") = "Fahrenheit.CT2CS", "Fahrenheit.CT2CS\Fahrenheit.CT2CS.csproj", "{732FDF80-DAC5-4E93-804D-9ECF346E90E2}"
EndProject
Project("{9A19103F-16F7-4668-BE54-9A1E7A4F7556}") = "Fahrenheit.H2CS", "Fahrenheit.H2CS\Fahrenheit.H2CS.csproj", "{5122404E-4E71-4CFB-AF7C-92E6E4708E41}"
EndProject
Project("{9A19103F-16F7-4668-BE54-9A1E7A4F7556}") = "Fahrenheit.DEdit", "Fahrenheit.DEdit\Fahrenheit.DEdit.csproj", "{6431D61B-0748-453E-844A-580D3C6C41D2}"
EndProject
Project("{8BC9CEB8-8B4A-11D0-8D11-00A0C91BC942}") = "Fahrenheit.CLRHost.Loader", "Fahrenheit.CLRHost.Loader\Fahrenheit.CLRHost.Loader.vcxproj", "{650214FC-8A0D-4430-A5DE-73D05B2982AB}"
EndProject
Project("{8BC9CEB8-8B4A-11D0-8D11-00A0C91BC942}") = "Fahrenheit.CLRHost.Detour", "Fahrenheit.CLRHost.Detour\Fahrenheit.CLRHost.Detour.vcxproj", "{DE90A6C1-504F-45BD-A4F9-8129755F3E7C}"
EndProject
Project("{8BC9CEB8-8B4A-11D0-8D11-00A0C91BC942}") = "Fahrenheit.CLRHost.Launcher", "Fahrenheit.CLRHost.Launcher\Fahrenheit.CLRHost.Launcher.vcxproj", "{287D8EE5-E211-4CD5-923C-3E82AD4BE07D}"
EndProject
Project("{9A19103F-16F7-4668-BE54-9A1E7A4F7556}") = "Fahrenheit.CLRHost", "Fahrenheit.CLRHost\Fahrenheit.CLRHost.csproj", "{F3F4FFE6-A34C-4E95-866B-E37C26B632F4}"
EndProject
Global
	GlobalSection(SolutionConfigurationPlatforms) = preSolution
		Debug|Any CPU = Debug|Any CPU
		Debug|ARM64 = Debug|ARM64
		Debug|x64 = Debug|x64
		Debug|x86 = Debug|x86
		Release|Any CPU = Release|Any CPU
		Release|ARM64 = Release|ARM64
		Release|x64 = Release|x64
		Release|x86 = Release|x86
	EndGlobalSection
	GlobalSection(ProjectConfigurationPlatforms) = postSolution
		{395F4045-232F-4AEC-A32B-F2FE35480B61}.Debug|Any CPU.ActiveCfg = Debug|Any CPU
		{395F4045-232F-4AEC-A32B-F2FE35480B61}.Debug|Any CPU.Build.0 = Debug|Any CPU
		{395F4045-232F-4AEC-A32B-F2FE35480B61}.Debug|ARM64.ActiveCfg = Debug|Any CPU
		{395F4045-232F-4AEC-A32B-F2FE35480B61}.Debug|ARM64.Build.0 = Debug|Any CPU
		{395F4045-232F-4AEC-A32B-F2FE35480B61}.Debug|x64.ActiveCfg = Debug|Any CPU
		{395F4045-232F-4AEC-A32B-F2FE35480B61}.Debug|x64.Build.0 = Debug|Any CPU
		{395F4045-232F-4AEC-A32B-F2FE35480B61}.Debug|x86.ActiveCfg = Debug|Any CPU
		{395F4045-232F-4AEC-A32B-F2FE35480B61}.Debug|x86.Build.0 = Debug|Any CPU
		{395F4045-232F-4AEC-A32B-F2FE35480B61}.Release|Any CPU.ActiveCfg = Release|Any CPU
		{395F4045-232F-4AEC-A32B-F2FE35480B61}.Release|Any CPU.Build.0 = Release|Any CPU
		{395F4045-232F-4AEC-A32B-F2FE35480B61}.Release|ARM64.ActiveCfg = Release|Any CPU
		{395F4045-232F-4AEC-A32B-F2FE35480B61}.Release|ARM64.Build.0 = Release|Any CPU
		{395F4045-232F-4AEC-A32B-F2FE35480B61}.Release|x64.ActiveCfg = Release|Any CPU
		{395F4045-232F-4AEC-A32B-F2FE35480B61}.Release|x64.Build.0 = Release|Any CPU
		{395F4045-232F-4AEC-A32B-F2FE35480B61}.Release|x86.ActiveCfg = Release|Any CPU
		{395F4045-232F-4AEC-A32B-F2FE35480B61}.Release|x86.Build.0 = Release|Any CPU
		{732FDF80-DAC5-4E93-804D-9ECF346E90E2}.Debug|Any CPU.ActiveCfg = Debug|Any CPU
		{732FDF80-DAC5-4E93-804D-9ECF346E90E2}.Debug|Any CPU.Build.0 = Debug|Any CPU
		{732FDF80-DAC5-4E93-804D-9ECF346E90E2}.Debug|ARM64.ActiveCfg = Debug|Any CPU
		{732FDF80-DAC5-4E93-804D-9ECF346E90E2}.Debug|ARM64.Build.0 = Debug|Any CPU
		{732FDF80-DAC5-4E93-804D-9ECF346E90E2}.Debug|x64.ActiveCfg = Debug|Any CPU
		{732FDF80-DAC5-4E93-804D-9ECF346E90E2}.Debug|x64.Build.0 = Debug|Any CPU
		{732FDF80-DAC5-4E93-804D-9ECF346E90E2}.Debug|x86.ActiveCfg = Debug|Any CPU
		{732FDF80-DAC5-4E93-804D-9ECF346E90E2}.Debug|x86.Build.0 = Debug|Any CPU
		{732FDF80-DAC5-4E93-804D-9ECF346E90E2}.Release|Any CPU.ActiveCfg = Release|Any CPU
		{732FDF80-DAC5-4E93-804D-9ECF346E90E2}.Release|Any CPU.Build.0 = Release|Any CPU
		{732FDF80-DAC5-4E93-804D-9ECF346E90E2}.Release|ARM64.ActiveCfg = Release|Any CPU
		{732FDF80-DAC5-4E93-804D-9ECF346E90E2}.Release|ARM64.Build.0 = Release|Any CPU
		{732FDF80-DAC5-4E93-804D-9ECF346E90E2}.Release|x64.ActiveCfg = Release|Any CPU
		{732FDF80-DAC5-4E93-804D-9ECF346E90E2}.Release|x64.Build.0 = Release|Any CPU
		{732FDF80-DAC5-4E93-804D-9ECF346E90E2}.Release|x86.ActiveCfg = Release|Any CPU
		{732FDF80-DAC5-4E93-804D-9ECF346E90E2}.Release|x86.Build.0 = Release|Any CPU
		{5122404E-4E71-4CFB-AF7C-92E6E4708E41}.Debug|Any CPU.ActiveCfg = Debug|Any CPU
		{5122404E-4E71-4CFB-AF7C-92E6E4708E41}.Debug|Any CPU.Build.0 = Debug|Any CPU
		{5122404E-4E71-4CFB-AF7C-92E6E4708E41}.Debug|ARM64.ActiveCfg = Debug|Any CPU
		{5122404E-4E71-4CFB-AF7C-92E6E4708E41}.Debug|ARM64.Build.0 = Debug|Any CPU
		{5122404E-4E71-4CFB-AF7C-92E6E4708E41}.Debug|x64.ActiveCfg = Debug|Any CPU
		{5122404E-4E71-4CFB-AF7C-92E6E4708E41}.Debug|x64.Build.0 = Debug|Any CPU
		{5122404E-4E71-4CFB-AF7C-92E6E4708E41}.Debug|x86.ActiveCfg = Debug|Any CPU
		{5122404E-4E71-4CFB-AF7C-92E6E4708E41}.Debug|x86.Build.0 = Debug|Any CPU
		{5122404E-4E71-4CFB-AF7C-92E6E4708E41}.Release|Any CPU.ActiveCfg = Release|Any CPU
		{5122404E-4E71-4CFB-AF7C-92E6E4708E41}.Release|Any CPU.Build.0 = Release|Any CPU
		{5122404E-4E71-4CFB-AF7C-92E6E4708E41}.Release|ARM64.ActiveCfg = Release|Any CPU
		{5122404E-4E71-4CFB-AF7C-92E6E4708E41}.Release|ARM64.Build.0 = Release|Any CPU
		{5122404E-4E71-4CFB-AF7C-92E6E4708E41}.Release|x64.ActiveCfg = Release|Any CPU
		{5122404E-4E71-4CFB-AF7C-92E6E4708E41}.Release|x64.Build.0 = Release|Any CPU
		{5122404E-4E71-4CFB-AF7C-92E6E4708E41}.Release|x86.ActiveCfg = Release|Any CPU
		{5122404E-4E71-4CFB-AF7C-92E6E4708E41}.Release|x86.Build.0 = Release|Any CPU
		{6431D61B-0748-453E-844A-580D3C6C41D2}.Debug|Any CPU.ActiveCfg = Debug|Any CPU
		{6431D61B-0748-453E-844A-580D3C6C41D2}.Debug|Any CPU.Build.0 = Debug|Any CPU
		{6431D61B-0748-453E-844A-580D3C6C41D2}.Debug|ARM64.ActiveCfg = Debug|Any CPU
		{6431D61B-0748-453E-844A-580D3C6C41D2}.Debug|ARM64.Build.0 = Debug|Any CPU
		{6431D61B-0748-453E-844A-580D3C6C41D2}.Debug|x64.ActiveCfg = Debug|Any CPU
		{6431D61B-0748-453E-844A-580D3C6C41D2}.Debug|x64.Build.0 = Debug|Any CPU
		{6431D61B-0748-453E-844A-580D3C6C41D2}.Debug|x86.ActiveCfg = Debug|Any CPU
		{6431D61B-0748-453E-844A-580D3C6C41D2}.Debug|x86.Build.0 = Debug|Any CPU
		{6431D61B-0748-453E-844A-580D3C6C41D2}.Release|Any CPU.ActiveCfg = Release|Any CPU
		{6431D61B-0748-453E-844A-580D3C6C41D2}.Release|Any CPU.Build.0 = Release|Any CPU
		{6431D61B-0748-453E-844A-580D3C6C41D2}.Release|ARM64.ActiveCfg = Release|Any CPU
		{6431D61B-0748-453E-844A-580D3C6C41D2}.Release|ARM64.Build.0 = Release|Any CPU
		{6431D61B-0748-453E-844A-580D3C6C41D2}.Release|x64.ActiveCfg = Release|Any CPU
		{6431D61B-0748-453E-844A-580D3C6C41D2}.Release|x64.Build.0 = Release|Any CPU
		{6431D61B-0748-453E-844A-580D3C6C41D2}.Release|x86.ActiveCfg = Release|Any CPU
		{6431D61B-0748-453E-844A-580D3C6C41D2}.Release|x86.Build.0 = Release|Any CPU
		{650214FC-8A0D-4430-A5DE-73D05B2982AB}.Debug|Any CPU.ActiveCfg = Debug|Win32
		{650214FC-8A0D-4430-A5DE-73D05B2982AB}.Debug|Any CPU.Build.0 = Debug|Win32
		{650214FC-8A0D-4430-A5DE-73D05B2982AB}.Debug|ARM64.ActiveCfg = Debug|x64
		{650214FC-8A0D-4430-A5DE-73D05B2982AB}.Debug|ARM64.Build.0 = Debug|x64
		{650214FC-8A0D-4430-A5DE-73D05B2982AB}.Debug|x64.ActiveCfg = Debug|x64
		{650214FC-8A0D-4430-A5DE-73D05B2982AB}.Debug|x64.Build.0 = Debug|x64
		{650214FC-8A0D-4430-A5DE-73D05B2982AB}.Debug|x86.ActiveCfg = Debug|Win32
		{650214FC-8A0D-4430-A5DE-73D05B2982AB}.Debug|x86.Build.0 = Debug|Win32
		{650214FC-8A0D-4430-A5DE-73D05B2982AB}.Release|Any CPU.ActiveCfg = Release|Win32
		{650214FC-8A0D-4430-A5DE-73D05B2982AB}.Release|Any CPU.Build.0 = Release|Win32
		{650214FC-8A0D-4430-A5DE-73D05B2982AB}.Release|ARM64.ActiveCfg = Release|x64
		{650214FC-8A0D-4430-A5DE-73D05B2982AB}.Release|ARM64.Build.0 = Release|x64
		{650214FC-8A0D-4430-A5DE-73D05B2982AB}.Release|x64.ActiveCfg = Release|x64
		{650214FC-8A0D-4430-A5DE-73D05B2982AB}.Release|x64.Build.0 = Release|x64
		{650214FC-8A0D-4430-A5DE-73D05B2982AB}.Release|x86.ActiveCfg = Release|Win32
		{650214FC-8A0D-4430-A5DE-73D05B2982AB}.Release|x86.Build.0 = Release|Win32
		{DE90A6C1-504F-45BD-A4F9-8129755F3E7C}.Debug|Any CPU.ActiveCfg = Debug|Win32
		{DE90A6C1-504F-45BD-A4F9-8129755F3E7C}.Debug|Any CPU.Build.0 = Debug|Win32
		{DE90A6C1-504F-45BD-A4F9-8129755F3E7C}.Debug|ARM64.ActiveCfg = Debug|x64
		{DE90A6C1-504F-45BD-A4F9-8129755F3E7C}.Debug|ARM64.Build.0 = Debug|x64
		{DE90A6C1-504F-45BD-A4F9-8129755F3E7C}.Debug|x64.ActiveCfg = Debug|x64
		{DE90A6C1-504F-45BD-A4F9-8129755F3E7C}.Debug|x64.Build.0 = Debug|x64
		{DE90A6C1-504F-45BD-A4F9-8129755F3E7C}.Debug|x86.ActiveCfg = Debug|Win32
		{DE90A6C1-504F-45BD-A4F9-8129755F3E7C}.Debug|x86.Build.0 = Debug|Win32
		{DE90A6C1-504F-45BD-A4F9-8129755F3E7C}.Release|Any CPU.ActiveCfg = Release|Win32
		{DE90A6C1-504F-45BD-A4F9-8129755F3E7C}.Release|Any CPU.Build.0 = Release|Win32
		{DE90A6C1-504F-45BD-A4F9-8129755F3E7C}.Release|ARM64.ActiveCfg = Release|x64
		{DE90A6C1-504F-45BD-A4F9-8129755F3E7C}.Release|ARM64.Build.0 = Release|x64
		{DE90A6C1-504F-45BD-A4F9-8129755F3E7C}.Release|x64.ActiveCfg = Release|x64
		{DE90A6C1-504F-45BD-A4F9-8129755F3E7C}.Release|x64.Build.0 = Release|x64
		{DE90A6C1-504F-45BD-A4F9-8129755F3E7C}.Release|x86.ActiveCfg = Release|Win32
		{DE90A6C1-504F-45BD-A4F9-8129755F3E7C}.Release|x86.Build.0 = Release|Win32
		{287D8EE5-E211-4CD5-923C-3E82AD4BE07D}.Debug|Any CPU.ActiveCfg = Debug|Win32
		{287D8EE5-E211-4CD5-923C-3E82AD4BE07D}.Debug|Any CPU.Build.0 = Debug|Win32
		{287D8EE5-E211-4CD5-923C-3E82AD4BE07D}.Debug|ARM64.ActiveCfg = Debug|x64
		{287D8EE5-E211-4CD5-923C-3E82AD4BE07D}.Debug|ARM64.Build.0 = Debug|x64
		{287D8EE5-E211-4CD5-923C-3E82AD4BE07D}.Debug|x64.ActiveCfg = Debug|x64
		{287D8EE5-E211-4CD5-923C-3E82AD4BE07D}.Debug|x64.Build.0 = Debug|x64
		{287D8EE5-E211-4CD5-923C-3E82AD4BE07D}.Debug|x86.ActiveCfg = Debug|Win32
		{287D8EE5-E211-4CD5-923C-3E82AD4BE07D}.Debug|x86.Build.0 = Debug|Win32
		{287D8EE5-E211-4CD5-923C-3E82AD4BE07D}.Release|Any CPU.ActiveCfg = Release|Win32
		{287D8EE5-E211-4CD5-923C-3E82AD4BE07D}.Release|Any CPU.Build.0 = Release|Win32
		{287D8EE5-E211-4CD5-923C-3E82AD4BE07D}.Release|ARM64.ActiveCfg = Release|x64
		{287D8EE5-E211-4CD5-923C-3E82AD4BE07D}.Release|ARM64.Build.0 = Release|x64
		{287D8EE5-E211-4CD5-923C-3E82AD4BE07D}.Release|x64.ActiveCfg = Release|x64
		{287D8EE5-E211-4CD5-923C-3E82AD4BE07D}.Release|x64.Build.0 = Release|x64
		{287D8EE5-E211-4CD5-923C-3E82AD4BE07D}.Release|x86.ActiveCfg = Release|Win32
		{287D8EE5-E211-4CD5-923C-3E82AD4BE07D}.Release|x86.Build.0 = Release|Win32
		{F3F4FFE6-A34C-4E95-866B-E37C26B632F4}.Debug|Any CPU.ActiveCfg = Debug|Any CPU
		{F3F4FFE6-A34C-4E95-866B-E37C26B632F4}.Debug|Any CPU.Build.0 = Debug|Any CPU
		{F3F4FFE6-A34C-4E95-866B-E37C26B632F4}.Debug|ARM64.ActiveCfg = Debug|Any CPU
		{F3F4FFE6-A34C-4E95-866B-E37C26B632F4}.Debug|ARM64.Build.0 = Debug|Any CPU
		{F3F4FFE6-A34C-4E95-866B-E37C26B632F4}.Debug|x64.ActiveCfg = Debug|Any CPU
		{F3F4FFE6-A34C-4E95-866B-E37C26B632F4}.Debug|x64.Build.0 = Debug|Any CPU
		{F3F4FFE6-A34C-4E95-866B-E37C26B632F4}.Debug|x86.ActiveCfg = Debug|Any CPU
		{F3F4FFE6-A34C-4E95-866B-E37C26B632F4}.Debug|x86.Build.0 = Debug|Any CPU
		{F3F4FFE6-A34C-4E95-866B-E37C26B632F4}.Release|Any CPU.ActiveCfg = Release|Any CPU
		{F3F4FFE6-A34C-4E95-866B-E37C26B632F4}.Release|Any CPU.Build.0 = Release|Any CPU
		{F3F4FFE6-A34C-4E95-866B-E37C26B632F4}.Release|ARM64.ActiveCfg = Release|Any CPU
		{F3F4FFE6-A34C-4E95-866B-E37C26B632F4}.Release|ARM64.Build.0 = Release|Any CPU
		{F3F4FFE6-A34C-4E95-866B-E37C26B632F4}.Release|x64.ActiveCfg = Release|Any CPU
		{F3F4FFE6-A34C-4E95-866B-E37C26B632F4}.Release|x64.Build.0 = Release|Any CPU
		{F3F4FFE6-A34C-4E95-866B-E37C26B632F4}.Release|x86.ActiveCfg = Release|Any CPU
		{F3F4FFE6-A34C-4E95-866B-E37C26B632F4}.Release|x86.Build.0 = Release|Any CPU
	EndGlobalSection
	GlobalSection(SolutionProperties) = preSolution
		HideSolutionNode = FALSE
	EndGlobalSection
	GlobalSection(ExtensibilityGlobals) = postSolution
		SolutionGuid = {182E3C11-B2A0-462A-9AAA-8449D60C3D12}
	EndGlobalSection
EndGlobal
